
Microsoft Visual Studio Solution File, Format Version 12.00
# Visual Studio Version 17
VisualStudioVersion = 17.4.33213.308
MinimumVisualStudioVersion = 10.0.40219.1
Project("{FAE04EC0-301F-11D3-BF4B-00C04F79EFBC}") = "The Ruins of Ipsus", "The Ruins of Ipsus.csproj", "{36B6FD1E-E7C9-4A90-B08B-6C3B554CE93F}"
EndProject
Global
	GlobalSection(SolutionConfigurationPlatforms) = preSolution
		Debug|Any CPU = Debug|Any CPU
		Release|Any CPU = Release|Any CPU
	EndGlobalSection
	GlobalSection(ProjectConfigurationPlatforms) = postSolution
		{36B6FD1E-E7C9-4A90-B08B-6C3B554CE93F}.Debug|Any CPU.ActiveCfg = Debug|Any CPU
		{36B6FD1E-E7C9-4A90-B08B-6C3B554CE93F}.Debug|Any CPU.Build.0 = Debug|Any CPU
		{36B6FD1E-E7C9-4A90-B08B-6C3B554CE93F}.Release|Any CPU.ActiveCfg = Release|Any CPU
		{36B6FD1E-E7C9-4A90-B08B-6C3B554CE93F}.Release|Any CPU.Build.0 = Release|Any CPU
	EndGlobalSection
	GlobalSection(SolutionProperties) = preSolution
		HideSolutionNode = FALSE
	EndGlobalSection
	GlobalSection(ExtensibilityGlobals) = postSolution
		SolutionGuid = {83CCECEB-C463-4F0D-8B12-B80E7007E429}
	EndGlobalSection
EndGlobal
